
Microsoft Visual Studio Solution File, Format Version 12.00
# Visual Studio Version 17
VisualStudioVersion = 17.11.35327.3
MinimumVisualStudioVersion = 10.0.40219.1
Project("{8BC9CEB8-8B4A-11D0-8D11-00A0C91BC942}") = "EngineCore", "EngineCore\EngineCore.vcxproj", "{AEF1590F-F9C5-408F-B65E-B4DC1B2EE14B}"
	ProjectSection(ProjectDependencies) = postProject
		{463B4E62-ACFE-464C-83CC-32BC216891DF} = {463B4E62-ACFE-464C-83CC-32BC216891DF}
		{DEFB5EC7-080E-47B9-982E-60DB0848416E} = {DEFB5EC7-080E-47B9-982E-60DB0848416E}
	EndProjectSection
EndProject
Project("{8BC9CEB8-8B4A-11D0-8D11-00A0C91BC942}") = "EngineBase", "EngineBase\EngineBase.vcxproj", "{DEFB5EC7-080E-47B9-982E-60DB0848416E}"
EndProject
Project("{2150E333-8FDC-42A3-9474-1A3956D46DE8}") = "Level00_Base", "Level00_Base", "{1FEBADE4-88D1-44AA-AE3C-5E6FD903304A}"
EndProject
Project("{2150E333-8FDC-42A3-9474-1A3956D46DE8}") = "Level01_OS", "Level01_OS", "{DA779104-FA70-49F3-B867-EA6BC6A6008B}"
EndProject
Project("{8BC9CEB8-8B4A-11D0-8D11-00A0C91BC942}") = "EnginePlatform", "EnginePlatform\EnginePlatform.vcxproj", "{463B4E62-ACFE-464C-83CC-32BC216891DF}"
	ProjectSection(ProjectDependencies) = postProject
		{DEFB5EC7-080E-47B9-982E-60DB0848416E} = {DEFB5EC7-080E-47B9-982E-60DB0848416E}
	EndProjectSection
EndProject
Project("{2150E333-8FDC-42A3-9474-1A3956D46DE8}") = "Level02_Engine", "Level02_Engine", "{5786C1EB-43A7-494D-B25C-E08F8C58253A}"
EndProject
Project("{2150E333-8FDC-42A3-9474-1A3956D46DE8}") = "Level03_Contents", "Level03_Contents", "{D0076D51-96DD-4E0B-9690-FB733D511CF6}"
EndProject
Project("{2150E333-8FDC-42A3-9474-1A3956D46DE8}") = "Level04_App", "Level04_App", "{83E53583-52A7-4DAF-8099-063C833D46C0}"
EndProject
Project("{8BC9CEB8-8B4A-11D0-8D11-00A0C91BC942}") = "EngineContents", "EngineContents\EngineContents.vcxproj", "{384A074D-8F2F-4841-8D5C-377BB0C0E115}"
	ProjectSection(ProjectDependencies) = postProject
		{463B4E62-ACFE-464C-83CC-32BC216891DF} = {463B4E62-ACFE-464C-83CC-32BC216891DF}
		{AEF1590F-F9C5-408F-B65E-B4DC1B2EE14B} = {AEF1590F-F9C5-408F-B65E-B4DC1B2EE14B}
		{DEFB5EC7-080E-47B9-982E-60DB0848416E} = {DEFB5EC7-080E-47B9-982E-60DB0848416E}
	EndProjectSection
EndProject
Project("{8BC9CEB8-8B4A-11D0-8D11-00A0C91BC942}") = "Yoshi_Island", "Yoshi_Island\Yoshi_Island.vcxproj", "{23410991-214E-412F-8EC4-34842ECAB792}"
	ProjectSection(ProjectDependencies) = postProject
		{384A074D-8F2F-4841-8D5C-377BB0C0E115} = {384A074D-8F2F-4841-8D5C-377BB0C0E115}
		{463B4E62-ACFE-464C-83CC-32BC216891DF} = {463B4E62-ACFE-464C-83CC-32BC216891DF}
		{AEF1590F-F9C5-408F-B65E-B4DC1B2EE14B} = {AEF1590F-F9C5-408F-B65E-B4DC1B2EE14B}
		{DEFB5EC7-080E-47B9-982E-60DB0848416E} = {DEFB5EC7-080E-47B9-982E-60DB0848416E}
	EndProjectSection
EndProject
Global
	GlobalSection(SolutionConfigurationPlatforms) = preSolution
		Debug|x64 = Debug|x64
		Debug|x86 = Debug|x86
		Release|x64 = Release|x64
		Release|x86 = Release|x86
	EndGlobalSection
	GlobalSection(ProjectConfigurationPlatforms) = postSolution
		{AEF1590F-F9C5-408F-B65E-B4DC1B2EE14B}.Debug|x64.ActiveCfg = Debug|x64
		{AEF1590F-F9C5-408F-B65E-B4DC1B2EE14B}.Debug|x64.Build.0 = Debug|x64
		{AEF1590F-F9C5-408F-B65E-B4DC1B2EE14B}.Debug|x86.ActiveCfg = Debug|Win32
		{AEF1590F-F9C5-408F-B65E-B4DC1B2EE14B}.Debug|x86.Build.0 = Debug|Win32
		{AEF1590F-F9C5-408F-B65E-B4DC1B2EE14B}.Release|x64.ActiveCfg = Release|x64
		{AEF1590F-F9C5-408F-B65E-B4DC1B2EE14B}.Release|x64.Build.0 = Release|x64
		{AEF1590F-F9C5-408F-B65E-B4DC1B2EE14B}.Release|x86.ActiveCfg = Release|Win32
		{AEF1590F-F9C5-408F-B65E-B4DC1B2EE14B}.Release|x86.Build.0 = Release|Win32
		{DEFB5EC7-080E-47B9-982E-60DB0848416E}.Debug|x64.ActiveCfg = Debug|x64
		{DEFB5EC7-080E-47B9-982E-60DB0848416E}.Debug|x64.Build.0 = Debug|x64
		{DEFB5EC7-080E-47B9-982E-60DB0848416E}.Debug|x86.ActiveCfg = Debug|Win32
		{DEFB5EC7-080E-47B9-982E-60DB0848416E}.Debug|x86.Build.0 = Debug|Win32
		{DEFB5EC7-080E-47B9-982E-60DB0848416E}.Release|x64.ActiveCfg = Release|x64
		{DEFB5EC7-080E-47B9-982E-60DB0848416E}.Release|x64.Build.0 = Release|x64
		{DEFB5EC7-080E-47B9-982E-60DB0848416E}.Release|x86.ActiveCfg = Release|Win32
		{DEFB5EC7-080E-47B9-982E-60DB0848416E}.Release|x86.Build.0 = Release|Win32
		{463B4E62-ACFE-464C-83CC-32BC216891DF}.Debug|x64.ActiveCfg = Debug|x64
		{463B4E62-ACFE-464C-83CC-32BC216891DF}.Debug|x64.Build.0 = Debug|x64
		{463B4E62-ACFE-464C-83CC-32BC216891DF}.Debug|x86.ActiveCfg = Debug|Win32
		{463B4E62-ACFE-464C-83CC-32BC216891DF}.Debug|x86.Build.0 = Debug|Win32
		{463B4E62-ACFE-464C-83CC-32BC216891DF}.Release|x64.ActiveCfg = Release|x64
		{463B4E62-ACFE-464C-83CC-32BC216891DF}.Release|x64.Build.0 = Release|x64
		{463B4E62-ACFE-464C-83CC-32BC216891DF}.Release|x86.ActiveCfg = Release|Win32
		{463B4E62-ACFE-464C-83CC-32BC216891DF}.Release|x86.Build.0 = Release|Win32
		{384A074D-8F2F-4841-8D5C-377BB0C0E115}.Debug|x64.ActiveCfg = Debug|x64
		{384A074D-8F2F-4841-8D5C-377BB0C0E115}.Debug|x64.Build.0 = Debug|x64
		{384A074D-8F2F-4841-8D5C-377BB0C0E115}.Debug|x86.ActiveCfg = Debug|Win32
		{384A074D-8F2F-4841-8D5C-377BB0C0E115}.Debug|x86.Build.0 = Debug|Win32
		{384A074D-8F2F-4841-8D5C-377BB0C0E115}.Release|x64.ActiveCfg = Release|x64
		{384A074D-8F2F-4841-8D5C-377BB0C0E115}.Release|x64.Build.0 = Release|x64
		{384A074D-8F2F-4841-8D5C-377BB0C0E115}.Release|x86.ActiveCfg = Release|Win32
		{384A074D-8F2F-4841-8D5C-377BB0C0E115}.Release|x86.Build.0 = Release|Win32
		{23410991-214E-412F-8EC4-34842ECAB792}.Debug|x64.ActiveCfg = Debug|x64
		{23410991-214E-412F-8EC4-34842ECAB792}.Debug|x64.Build.0 = Debug|x64
		{23410991-214E-412F-8EC4-34842ECAB792}.Debug|x86.ActiveCfg = Debug|Win32
		{23410991-214E-412F-8EC4-34842ECAB792}.Debug|x86.Build.0 = Debug|Win32
		{23410991-214E-412F-8EC4-34842ECAB792}.Release|x64.ActiveCfg = Release|x64
		{23410991-214E-412F-8EC4-34842ECAB792}.Release|x64.Build.0 = Release|x64
		{23410991-214E-412F-8EC4-34842ECAB792}.Release|x86.ActiveCfg = Release|Win32
		{23410991-214E-412F-8EC4-34842ECAB792}.Release|x86.Build.0 = Release|Win32
	EndGlobalSection
	GlobalSection(SolutionProperties) = preSolution
		HideSolutionNode = FALSE
	EndGlobalSection
	GlobalSection(NestedProjects) = preSolution
		{AEF1590F-F9C5-408F-B65E-B4DC1B2EE14B} = {5786C1EB-43A7-494D-B25C-E08F8C58253A}
		{DEFB5EC7-080E-47B9-982E-60DB0848416E} = {1FEBADE4-88D1-44AA-AE3C-5E6FD903304A}
		{463B4E62-ACFE-464C-83CC-32BC216891DF} = {DA779104-FA70-49F3-B867-EA6BC6A6008B}
		{384A074D-8F2F-4841-8D5C-377BB0C0E115} = {D0076D51-96DD-4E0B-9690-FB733D511CF6}
		{23410991-214E-412F-8EC4-34842ECAB792} = {83E53583-52A7-4DAF-8099-063C833D46C0}
	EndGlobalSection
	GlobalSection(ExtensibilityGlobals) = postSolution
		SolutionGuid = {9AF0F4C2-847A-4E1E-A8B7-5A6FAD69EE64}
	EndGlobalSection
EndGlobal
