
Microsoft Visual Studio Solution File, Format Version 12.00
# Visual Studio Version 17
VisualStudioVersion = 17.11.35327.3
MinimumVisualStudioVersion = 10.0.40219.1
Project("{8BC9CEB8-8B4A-11D0-8D11-00A0C91BC942}") = "EngineCore", "EngineCore\EngineCore.vcxproj", "{E912F146-A8CE-43F3-AA89-C50B132307F5}"
	ProjectSection(ProjectDependencies) = postProject
		{47E3AAD8-CC6C-46C3-86C8-B7CA1A81DA66} = {47E3AAD8-CC6C-46C3-86C8-B7CA1A81DA66}
		{F9CE566D-792C-41F3-A621-26F0A42CBA9C} = {F9CE566D-792C-41F3-A621-26F0A42CBA9C}
	EndProjectSection
EndProject
Project("{8BC9CEB8-8B4A-11D0-8D11-00A0C91BC942}") = "EngineBase", "EngineBase\EngineBase.vcxproj", "{47E3AAD8-CC6C-46C3-86C8-B7CA1A81DA66}"
EndProject
Project("{2150E333-8FDC-42A3-9474-1A3956D46DE8}") = "Level00_Base", "Level00_Base", "{1FEBADE4-88D1-44AA-AE3C-5E6FD903304A}"
EndProject
Project("{2150E333-8FDC-42A3-9474-1A3956D46DE8}") = "Level01_OS", "Level01_OS", "{DA779104-FA70-49F3-B867-EA6BC6A6008B}"
EndProject
Project("{8BC9CEB8-8B4A-11D0-8D11-00A0C91BC942}") = "EnginePlatform", "EnginePlatform\EnginePlatform.vcxproj", "{F9CE566D-792C-41F3-A621-26F0A42CBA9C}"
	ProjectSection(ProjectDependencies) = postProject
		{47E3AAD8-CC6C-46C3-86C8-B7CA1A81DA66} = {47E3AAD8-CC6C-46C3-86C8-B7CA1A81DA66}
	EndProjectSection
EndProject
Project("{2150E333-8FDC-42A3-9474-1A3956D46DE8}") = "Level02_Engine", "Level02_Engine", "{5786C1EB-43A7-494D-B25C-E08F8C58253A}"
EndProject
Project("{2150E333-8FDC-42A3-9474-1A3956D46DE8}") = "Level03_Contents", "Level03_Contents", "{D0076D51-96DD-4E0B-9690-FB733D511CF6}"
EndProject
Project("{2150E333-8FDC-42A3-9474-1A3956D46DE8}") = "Level04_App", "Level04_App", "{83E53583-52A7-4DAF-8099-063C833D46C0}"
EndProject
Project("{8BC9CEB8-8B4A-11D0-8D11-00A0C91BC942}") = "EngineContents", "EngineContents\EngineContents.vcxproj", "{384A074D-8F2F-4841-8D5C-377BB0C0E115}"
	ProjectSection(ProjectDependencies) = postProject
		{47E3AAD8-CC6C-46C3-86C8-B7CA1A81DA66} = {47E3AAD8-CC6C-46C3-86C8-B7CA1A81DA66}
		{E912F146-A8CE-43F3-AA89-C50B132307F5} = {E912F146-A8CE-43F3-AA89-C50B132307F5}
		{F9CE566D-792C-41F3-A621-26F0A42CBA9C} = {F9CE566D-792C-41F3-A621-26F0A42CBA9C}
	EndProjectSection
EndProject
Project("{8BC9CEB8-8B4A-11D0-8D11-00A0C91BC942}") = "PMD", "PMD\PMD.vcxproj", "{2F3DE664-4EAB-4E5E-9C66-A87D8D1C3D95}"
	ProjectSection(ProjectDependencies) = postProject
		{384A074D-8F2F-4841-8D5C-377BB0C0E115} = {384A074D-8F2F-4841-8D5C-377BB0C0E115}
		{47E3AAD8-CC6C-46C3-86C8-B7CA1A81DA66} = {47E3AAD8-CC6C-46C3-86C8-B7CA1A81DA66}
		{E912F146-A8CE-43F3-AA89-C50B132307F5} = {E912F146-A8CE-43F3-AA89-C50B132307F5}
		{F9CE566D-792C-41F3-A621-26F0A42CBA9C} = {F9CE566D-792C-41F3-A621-26F0A42CBA9C}
	EndProjectSection
EndProject
Global
	GlobalSection(SolutionConfigurationPlatforms) = preSolution
		Debug|x64 = Debug|x64
		Debug|x86 = Debug|x86
		Release|x64 = Release|x64
		Release|x86 = Release|x86
	EndGlobalSection
	GlobalSection(ProjectConfigurationPlatforms) = postSolution
		{E912F146-A8CE-43F3-AA89-C50B132307F5}.Debug|x64.ActiveCfg = Debug|x64
		{E912F146-A8CE-43F3-AA89-C50B132307F5}.Debug|x64.Build.0 = Debug|x64
		{E912F146-A8CE-43F3-AA89-C50B132307F5}.Debug|x86.ActiveCfg = Debug|Win32
		{E912F146-A8CE-43F3-AA89-C50B132307F5}.Debug|x86.Build.0 = Debug|Win32
		{E912F146-A8CE-43F3-AA89-C50B132307F5}.Release|x64.ActiveCfg = Release|x64
		{E912F146-A8CE-43F3-AA89-C50B132307F5}.Release|x64.Build.0 = Release|x64
		{E912F146-A8CE-43F3-AA89-C50B132307F5}.Release|x86.ActiveCfg = Release|Win32
		{E912F146-A8CE-43F3-AA89-C50B132307F5}.Release|x86.Build.0 = Release|Win32
		{47E3AAD8-CC6C-46C3-86C8-B7CA1A81DA66}.Debug|x64.ActiveCfg = Debug|x64
		{47E3AAD8-CC6C-46C3-86C8-B7CA1A81DA66}.Debug|x64.Build.0 = Debug|x64
		{47E3AAD8-CC6C-46C3-86C8-B7CA1A81DA66}.Debug|x86.ActiveCfg = Debug|Win32
		{47E3AAD8-CC6C-46C3-86C8-B7CA1A81DA66}.Debug|x86.Build.0 = Debug|Win32
		{47E3AAD8-CC6C-46C3-86C8-B7CA1A81DA66}.Release|x64.ActiveCfg = Release|x64
		{47E3AAD8-CC6C-46C3-86C8-B7CA1A81DA66}.Release|x64.Build.0 = Release|x64
		{47E3AAD8-CC6C-46C3-86C8-B7CA1A81DA66}.Release|x86.ActiveCfg = Release|Win32
		{47E3AAD8-CC6C-46C3-86C8-B7CA1A81DA66}.Release|x86.Build.0 = Release|Win32
		{F9CE566D-792C-41F3-A621-26F0A42CBA9C}.Debug|x64.ActiveCfg = Debug|x64
		{F9CE566D-792C-41F3-A621-26F0A42CBA9C}.Debug|x64.Build.0 = Debug|x64
		{F9CE566D-792C-41F3-A621-26F0A42CBA9C}.Debug|x86.ActiveCfg = Debug|Win32
		{F9CE566D-792C-41F3-A621-26F0A42CBA9C}.Debug|x86.Build.0 = Debug|Win32
		{F9CE566D-792C-41F3-A621-26F0A42CBA9C}.Release|x64.ActiveCfg = Release|x64
		{F9CE566D-792C-41F3-A621-26F0A42CBA9C}.Release|x64.Build.0 = Release|x64
		{F9CE566D-792C-41F3-A621-26F0A42CBA9C}.Release|x86.ActiveCfg = Release|Win32
		{F9CE566D-792C-41F3-A621-26F0A42CBA9C}.Release|x86.Build.0 = Release|Win32
		{384A074D-8F2F-4841-8D5C-377BB0C0E115}.Debug|x64.ActiveCfg = Debug|x64
		{384A074D-8F2F-4841-8D5C-377BB0C0E115}.Debug|x64.Build.0 = Debug|x64
		{384A074D-8F2F-4841-8D5C-377BB0C0E115}.Debug|x86.ActiveCfg = Debug|Win32
		{384A074D-8F2F-4841-8D5C-377BB0C0E115}.Debug|x86.Build.0 = Debug|Win32
		{384A074D-8F2F-4841-8D5C-377BB0C0E115}.Release|x64.ActiveCfg = Release|x64
		{384A074D-8F2F-4841-8D5C-377BB0C0E115}.Release|x64.Build.0 = Release|x64
		{384A074D-8F2F-4841-8D5C-377BB0C0E115}.Release|x86.ActiveCfg = Release|Win32
		{384A074D-8F2F-4841-8D5C-377BB0C0E115}.Release|x86.Build.0 = Release|Win32
		{2F3DE664-4EAB-4E5E-9C66-A87D8D1C3D95}.Debug|x64.ActiveCfg = Debug|x64
		{2F3DE664-4EAB-4E5E-9C66-A87D8D1C3D95}.Debug|x64.Build.0 = Debug|x64
		{2F3DE664-4EAB-4E5E-9C66-A87D8D1C3D95}.Debug|x86.ActiveCfg = Debug|Win32
		{2F3DE664-4EAB-4E5E-9C66-A87D8D1C3D95}.Debug|x86.Build.0 = Debug|Win32
		{2F3DE664-4EAB-4E5E-9C66-A87D8D1C3D95}.Release|x64.ActiveCfg = Release|x64
		{2F3DE664-4EAB-4E5E-9C66-A87D8D1C3D95}.Release|x64.Build.0 = Release|x64
		{2F3DE664-4EAB-4E5E-9C66-A87D8D1C3D95}.Release|x86.ActiveCfg = Release|Win32
		{2F3DE664-4EAB-4E5E-9C66-A87D8D1C3D95}.Release|x86.Build.0 = Release|Win32
	EndGlobalSection
	GlobalSection(SolutionProperties) = preSolution
		HideSolutionNode = FALSE
	EndGlobalSection
	GlobalSection(NestedProjects) = preSolution
		{E912F146-A8CE-43F3-AA89-C50B132307F5} = {5786C1EB-43A7-494D-B25C-E08F8C58253A}
		{47E3AAD8-CC6C-46C3-86C8-B7CA1A81DA66} = {1FEBADE4-88D1-44AA-AE3C-5E6FD903304A}
		{F9CE566D-792C-41F3-A621-26F0A42CBA9C} = {DA779104-FA70-49F3-B867-EA6BC6A6008B}
		{384A074D-8F2F-4841-8D5C-377BB0C0E115} = {D0076D51-96DD-4E0B-9690-FB733D511CF6}
		{2F3DE664-4EAB-4E5E-9C66-A87D8D1C3D95} = {83E53583-52A7-4DAF-8099-063C833D46C0}
	EndGlobalSection
	GlobalSection(ExtensibilityGlobals) = postSolution
		SolutionGuid = {9AF0F4C2-847A-4E1E-A8B7-5A6FAD69EE64}
	EndGlobalSection
EndGlobal
