
Microsoft Visual Studio Solution File, Format Version 12.00
# Visual Studio Version 17
VisualStudioVersion = 17.11.35327.3
MinimumVisualStudioVersion = 10.0.40219.1
Project("{8BC9CEB8-8B4A-11D0-8D11-00A0C91BC942}") = "Main", "Main\Main.vcxproj", "{AB148408-2EFA-4204-B69F-77504B5FE925}"
EndProject
Project("{8BC9CEB8-8B4A-11D0-8D11-00A0C91BC942}") = "EngineCore", "EngineCore\EngineCore.vcxproj", "{AEF1590F-F9C5-408F-B65E-B4DC1B2EE14B}"
EndProject
Project("{8BC9CEB8-8B4A-11D0-8D11-00A0C91BC942}") = "EngineBase", "EngineBase\EngineBase.vcxproj", "{DEFB5EC7-080E-47B9-982E-60DB0848416E}"
EndProject
Global
	GlobalSection(SolutionConfigurationPlatforms) = preSolution
		Debug|x64 = Debug|x64
		Debug|x86 = Debug|x86
		Release|x64 = Release|x64
		Release|x86 = Release|x86
	EndGlobalSection
	GlobalSection(ProjectConfigurationPlatforms) = postSolution
		{AB148408-2EFA-4204-B69F-77504B5FE925}.Debug|x64.ActiveCfg = Debug|x64
		{AB148408-2EFA-4204-B69F-77504B5FE925}.Debug|x64.Build.0 = Debug|x64
		{AB148408-2EFA-4204-B69F-77504B5FE925}.Debug|x86.ActiveCfg = Debug|Win32
		{AB148408-2EFA-4204-B69F-77504B5FE925}.Debug|x86.Build.0 = Debug|Win32
		{AB148408-2EFA-4204-B69F-77504B5FE925}.Release|x64.ActiveCfg = Release|x64
		{AB148408-2EFA-4204-B69F-77504B5FE925}.Release|x64.Build.0 = Release|x64
		{AB148408-2EFA-4204-B69F-77504B5FE925}.Release|x86.ActiveCfg = Release|Win32
		{AB148408-2EFA-4204-B69F-77504B5FE925}.Release|x86.Build.0 = Release|Win32
		{AEF1590F-F9C5-408F-B65E-B4DC1B2EE14B}.Debug|x64.ActiveCfg = Debug|x64
		{AEF1590F-F9C5-408F-B65E-B4DC1B2EE14B}.Debug|x64.Build.0 = Debug|x64
		{AEF1590F-F9C5-408F-B65E-B4DC1B2EE14B}.Debug|x86.ActiveCfg = Debug|Win32
		{AEF1590F-F9C5-408F-B65E-B4DC1B2EE14B}.Debug|x86.Build.0 = Debug|Win32
		{AEF1590F-F9C5-408F-B65E-B4DC1B2EE14B}.Release|x64.ActiveCfg = Release|x64
		{AEF1590F-F9C5-408F-B65E-B4DC1B2EE14B}.Release|x64.Build.0 = Release|x64
		{AEF1590F-F9C5-408F-B65E-B4DC1B2EE14B}.Release|x86.ActiveCfg = Release|Win32
		{AEF1590F-F9C5-408F-B65E-B4DC1B2EE14B}.Release|x86.Build.0 = Release|Win32
		{DEFB5EC7-080E-47B9-982E-60DB0848416E}.Debug|x64.ActiveCfg = Debug|x64
		{DEFB5EC7-080E-47B9-982E-60DB0848416E}.Debug|x64.Build.0 = Debug|x64
		{DEFB5EC7-080E-47B9-982E-60DB0848416E}.Debug|x86.ActiveCfg = Debug|Win32
		{DEFB5EC7-080E-47B9-982E-60DB0848416E}.Debug|x86.Build.0 = Debug|Win32
		{DEFB5EC7-080E-47B9-982E-60DB0848416E}.Release|x64.ActiveCfg = Release|x64
		{DEFB5EC7-080E-47B9-982E-60DB0848416E}.Release|x64.Build.0 = Release|x64
		{DEFB5EC7-080E-47B9-982E-60DB0848416E}.Release|x86.ActiveCfg = Release|Win32
		{DEFB5EC7-080E-47B9-982E-60DB0848416E}.Release|x86.Build.0 = Release|Win32
	EndGlobalSection
	GlobalSection(SolutionProperties) = preSolution
		HideSolutionNode = FALSE
	EndGlobalSection
	GlobalSection(ExtensibilityGlobals) = postSolution
		SolutionGuid = {9AF0F4C2-847A-4E1E-A8B7-5A6FAD69EE64}
	EndGlobalSection
EndGlobal
