
Microsoft Visual Studio Solution File, Format Version 12.00
# Visual Studio Version 17
VisualStudioVersion = 17.11.35327.3
MinimumVisualStudioVersion = 10.0.40219.1
Project("{8BC9CEB8-8B4A-11D0-8D11-00A0C91BC942}") = "EngineCore", "EngineCore\EngineCore.vcxproj", "{AEF1590F-F9C5-408F-B65E-B4DC1B2EE14B}"
EndProject
Project("{8BC9CEB8-8B4A-11D0-8D11-00A0C91BC942}") = "EngineBase", "EngineBase\EngineBase.vcxproj", "{DEFB5EC7-080E-47B9-982E-60DB0848416E}"
EndProject
Project("{2150E333-8FDC-42A3-9474-1A3956D46DE8}") = "Framework", "Framework", "{7FD2C38D-B9CE-48D9-8748-5DAA66BA69B6}"
EndProject
Project("{8BC9CEB8-8B4A-11D0-8D11-00A0C91BC942}") = "WinMain", "WinMain\WinMain.vcxproj", "{93B7E4E8-98D0-49F0-8119-E864BF0518A3}"
EndProject
Global
	GlobalSection(SolutionConfigurationPlatforms) = preSolution
		Debug|x64 = Debug|x64
		Debug|x86 = Debug|x86
		Release|x64 = Release|x64
		Release|x86 = Release|x86
	EndGlobalSection
	GlobalSection(ProjectConfigurationPlatforms) = postSolution
		{AEF1590F-F9C5-408F-B65E-B4DC1B2EE14B}.Debug|x64.ActiveCfg = Debug|x64
		{AEF1590F-F9C5-408F-B65E-B4DC1B2EE14B}.Debug|x64.Build.0 = Debug|x64
		{AEF1590F-F9C5-408F-B65E-B4DC1B2EE14B}.Debug|x86.ActiveCfg = Debug|Win32
		{AEF1590F-F9C5-408F-B65E-B4DC1B2EE14B}.Debug|x86.Build.0 = Debug|Win32
		{AEF1590F-F9C5-408F-B65E-B4DC1B2EE14B}.Release|x64.ActiveCfg = Release|x64
		{AEF1590F-F9C5-408F-B65E-B4DC1B2EE14B}.Release|x64.Build.0 = Release|x64
		{AEF1590F-F9C5-408F-B65E-B4DC1B2EE14B}.Release|x86.ActiveCfg = Release|Win32
		{AEF1590F-F9C5-408F-B65E-B4DC1B2EE14B}.Release|x86.Build.0 = Release|Win32
		{DEFB5EC7-080E-47B9-982E-60DB0848416E}.Debug|x64.ActiveCfg = Debug|x64
		{DEFB5EC7-080E-47B9-982E-60DB0848416E}.Debug|x64.Build.0 = Debug|x64
		{DEFB5EC7-080E-47B9-982E-60DB0848416E}.Debug|x86.ActiveCfg = Debug|Win32
		{DEFB5EC7-080E-47B9-982E-60DB0848416E}.Debug|x86.Build.0 = Debug|Win32
		{DEFB5EC7-080E-47B9-982E-60DB0848416E}.Release|x64.ActiveCfg = Release|x64
		{DEFB5EC7-080E-47B9-982E-60DB0848416E}.Release|x64.Build.0 = Release|x64
		{DEFB5EC7-080E-47B9-982E-60DB0848416E}.Release|x86.ActiveCfg = Release|Win32
		{DEFB5EC7-080E-47B9-982E-60DB0848416E}.Release|x86.Build.0 = Release|Win32
		{93B7E4E8-98D0-49F0-8119-E864BF0518A3}.Debug|x64.ActiveCfg = Debug|x64
		{93B7E4E8-98D0-49F0-8119-E864BF0518A3}.Debug|x64.Build.0 = Debug|x64
		{93B7E4E8-98D0-49F0-8119-E864BF0518A3}.Debug|x86.ActiveCfg = Debug|Win32
		{93B7E4E8-98D0-49F0-8119-E864BF0518A3}.Debug|x86.Build.0 = Debug|Win32
		{93B7E4E8-98D0-49F0-8119-E864BF0518A3}.Release|x64.ActiveCfg = Release|x64
		{93B7E4E8-98D0-49F0-8119-E864BF0518A3}.Release|x64.Build.0 = Release|x64
		{93B7E4E8-98D0-49F0-8119-E864BF0518A3}.Release|x86.ActiveCfg = Release|Win32
		{93B7E4E8-98D0-49F0-8119-E864BF0518A3}.Release|x86.Build.0 = Release|Win32
	EndGlobalSection
	GlobalSection(SolutionProperties) = preSolution
		HideSolutionNode = FALSE
	EndGlobalSection
	GlobalSection(NestedProjects) = preSolution
		{AEF1590F-F9C5-408F-B65E-B4DC1B2EE14B} = {7FD2C38D-B9CE-48D9-8748-5DAA66BA69B6}
		{DEFB5EC7-080E-47B9-982E-60DB0848416E} = {7FD2C38D-B9CE-48D9-8748-5DAA66BA69B6}
	EndGlobalSection
	GlobalSection(ExtensibilityGlobals) = postSolution
		SolutionGuid = {9AF0F4C2-847A-4E1E-A8B7-5A6FAD69EE64}
	EndGlobalSection
EndGlobal
