<?xml version="1.0" encoding="utf-8"?>
<Project ToolsVersion="4.0" xmlns="http://schemas.microsoft.com/developer/msbuild/2003">
  <ItemGroup>
    <ClInclude Include="PreCompile.h">
      <Filter>_PreCompile</Filter>
    </ClInclude>
    <ClInclude Include="EngineAPICore.h">
      <Filter>Core</Filter>
    </ClInclude>
    <ClInclude Include="GameMode.h">
      <Filter>Objects\Actor</Filter>
    </ClInclude>
    <ClInclude Include="Level.h">
      <Filter>Level</Filter>
    </ClInclude>
    <ClInclude Include="Actor.h">
      <Filter>Objects\Actor</Filter>
    </ClInclude>
    <ClInclude Include="EngineContentsCore.h">
      <Filter>Core</Filter>
    </ClInclude>
    <ClInclude Include="EngineSprite.h">
      <Filter>Resources\Image</Filter>
    </ClInclude>
    <ClInclude Include="ImageManager.h">
      <Filter>Resources\Image</Filter>
    </ClInclude>
    <ClInclude Include="SpriteRenderer.h" />
    <ClInclude Include="SceneComponent.h" />
    <ClInclude Include="ActorComponent.h" />
    <ClInclude Include="2DCollision.h" />
  </ItemGroup>
  <ItemGroup>
    <ClCompile Include="PreCompile.cpp">
      <Filter>_PreCompile</Filter>
    </ClCompile>
    <ClCompile Include="EngineAPICore.cpp">
      <Filter>Core</Filter>
    </ClCompile>
    <ClCompile Include="GameMode.cpp">
      <Filter>Objects\Actor</Filter>
    </ClCompile>
    <ClCompile Include="Level.cpp">
      <Filter>Level</Filter>
    </ClCompile>
    <ClCompile Include="Actor.cpp">
      <Filter>Objects\Actor</Filter>
    </ClCompile>
    <ClCompile Include="EngineContentsCore.cpp">
      <Filter>Core</Filter>
    </ClCompile>
    <ClCompile Include="EngineSprite.cpp">
      <Filter>Resources\Image</Filter>
    </ClCompile>
    <ClCompile Include="ImageManager.cpp">
      <Filter>Resources\Image</Filter>
    </ClCompile>
    <ClCompile Include="SpriteRenderer.cpp" />
    <ClCompile Include="SceneComponent.cpp" />
    <ClCompile Include="ActorComponent.cpp" />
    <ClCompile Include="2DCollision.cpp" />
  </ItemGroup>
  <ItemGroup>
    <Filter Include="Core">
      <UniqueIdentifier>{8106fa0d-d100-4231-9498-4a0f2042e7f1}</UniqueIdentifier>
    </Filter>
    <Filter Include="Objects">
      <UniqueIdentifier>{40f89db6-e502-4d96-8816-51ddb3ca8830}</UniqueIdentifier>
    </Filter>
    <Filter Include="Objects\Actor">
      <UniqueIdentifier>{cf926eb2-fe6b-471a-9a56-ca7e0eaf6317}</UniqueIdentifier>
    </Filter>
    <Filter Include="Level">
      <UniqueIdentifier>{d94fc40d-0964-4128-b8fe-c2780026f514}</UniqueIdentifier>
    </Filter>
    <Filter Include="_PreCompile">
      <UniqueIdentifier>{b5e1722b-9f96-4867-a4c6-a21342878244}</UniqueIdentifier>
    </Filter>
    <Filter Include="Resources">
      <UniqueIdentifier>{3afca02f-b2b0-45dc-b864-50b260027a51}</UniqueIdentifier>
    </Filter>
    <Filter Include="Resources\Image">
      <UniqueIdentifier>{e8dfbc77-bd7f-4784-9c7e-74825d94ec7a}</UniqueIdentifier>
    </Filter>
  </ItemGroup>
</Project>