<?xml version="1.0" encoding="utf-8"?>
<Project ToolsVersion="4.0" xmlns="http://schemas.microsoft.com/developer/msbuild/2003">
  <ItemGroup>
    <ClInclude Include="PreCompile.h">
      <Filter>_PreCompile</Filter>
    </ClInclude>
    <ClInclude Include="EngineAPICore.h">
      <Filter>Core</Filter>
    </ClInclude>
    <ClInclude Include="GameMode.h">
      <Filter>Objects\Actor</Filter>
    </ClInclude>
    <ClInclude Include="Level.h">
      <Filter>Objects\Level</Filter>
    </ClInclude>
    <ClInclude Include="Actor.h">
      <Filter>Objects\Actor</Filter>
    </ClInclude>
    <ClInclude Include="EngineContentsCore.h">
      <Filter>Core</Filter>
    </ClInclude>
    <ClInclude Include="EngineSprite.h">
      <Filter>Resources\Image</Filter>
    </ClInclude>
    <ClInclude Include="ImageManager.h">
      <Filter>Resources\Image</Filter>
    </ClInclude>
    <ClInclude Include="2DCollision.h">
      <Filter>Objects\Actor\Components\Collision</Filter>
    </ClInclude>
    <ClInclude Include="SceneComponent.h">
      <Filter>Objects\Actor\Components</Filter>
    </ClInclude>
    <ClInclude Include="ActorComponent.h">
      <Filter>Objects\Actor\Components</Filter>
    </ClInclude>
    <ClInclude Include="EngineCoreDebug.h">
      <Filter>Debug</Filter>
    </ClInclude>
    <ClInclude Include="SpriteRenderer.h">
      <Filter>Objects\Actor\Components\Renderer</Filter>
    </ClInclude>
  </ItemGroup>
  <ItemGroup>
    <ClCompile Include="PreCompile.cpp">
      <Filter>_PreCompile</Filter>
    </ClCompile>
    <ClCompile Include="EngineAPICore.cpp">
      <Filter>Core</Filter>
    </ClCompile>
    <ClCompile Include="GameMode.cpp">
      <Filter>Objects\Actor</Filter>
    </ClCompile>
    <ClCompile Include="Level.cpp">
      <Filter>Objects\Level</Filter>
    </ClCompile>
    <ClCompile Include="Actor.cpp">
      <Filter>Objects\Actor</Filter>
    </ClCompile>
    <ClCompile Include="EngineContentsCore.cpp">
      <Filter>Core</Filter>
    </ClCompile>
    <ClCompile Include="EngineSprite.cpp">
      <Filter>Resources\Image</Filter>
    </ClCompile>
    <ClCompile Include="ImageManager.cpp">
      <Filter>Resources\Image</Filter>
    </ClCompile>
    <ClCompile Include="2DCollision.cpp">
      <Filter>Objects\Actor\Components\Collision</Filter>
    </ClCompile>
    <ClCompile Include="SceneComponent.cpp">
      <Filter>Objects\Actor\Components</Filter>
    </ClCompile>
    <ClCompile Include="ActorComponent.cpp">
      <Filter>Objects\Actor\Components</Filter>
    </ClCompile>
    <ClCompile Include="EngineCoreDebug.cpp">
      <Filter>Debug</Filter>
    </ClCompile>
    <ClCompile Include="SpriteRenderer.cpp">
      <Filter>Objects\Actor\Components\Renderer</Filter>
    </ClCompile>
  </ItemGroup>
  <ItemGroup>
    <Filter Include="Core">
      <UniqueIdentifier>{8106fa0d-d100-4231-9498-4a0f2042e7f1}</UniqueIdentifier>
    </Filter>
    <Filter Include="Objects">
      <UniqueIdentifier>{40f89db6-e502-4d96-8816-51ddb3ca8830}</UniqueIdentifier>
    </Filter>
    <Filter Include="_PreCompile">
      <UniqueIdentifier>{b5e1722b-9f96-4867-a4c6-a21342878244}</UniqueIdentifier>
    </Filter>
    <Filter Include="Resources">
      <UniqueIdentifier>{3afca02f-b2b0-45dc-b864-50b260027a51}</UniqueIdentifier>
    </Filter>
    <Filter Include="Resources\Image">
      <UniqueIdentifier>{e8dfbc77-bd7f-4784-9c7e-74825d94ec7a}</UniqueIdentifier>
    </Filter>
    <Filter Include="Debug">
      <UniqueIdentifier>{9ab96713-59b3-4b68-8ebf-938b52f4ffc4}</UniqueIdentifier>
    </Filter>
    <Filter Include="Objects\Level">
      <UniqueIdentifier>{d94fc40d-0964-4128-b8fe-c2780026f514}</UniqueIdentifier>
    </Filter>
    <Filter Include="Objects\Actor">
      <UniqueIdentifier>{cf926eb2-fe6b-471a-9a56-ca7e0eaf6317}</UniqueIdentifier>
    </Filter>
    <Filter Include="Objects\Actor\Components">
      <UniqueIdentifier>{c358d60a-f269-4dbf-87a9-18af4a67b613}</UniqueIdentifier>
    </Filter>
    <Filter Include="Objects\Actor\Components\Collision">
      <UniqueIdentifier>{72f78593-5131-4299-a109-85088149c447}</UniqueIdentifier>
    </Filter>
    <Filter Include="Objects\Actor\Components\Renderer">
      <UniqueIdentifier>{c0c57d98-0540-48c5-9f24-6e1d35396c0d}</UniqueIdentifier>
    </Filter>
  </ItemGroup>
</Project>