<?xml version="1.0" encoding="utf-8"?>
<Project ToolsVersion="4.0" xmlns="http://schemas.microsoft.com/developer/msbuild/2003">
  <ItemGroup>
    <ClInclude Include="PreCompile.h">
      <Filter>PreCompile</Filter>
    </ClInclude>
    <ClInclude Include="PMDContentsCore.h">
      <Filter>Core</Filter>
    </ClInclude>
  </ItemGroup>
  <ItemGroup>
    <ClCompile Include="PreCompile.cpp">
      <Filter>PreCompile</Filter>
    </ClCompile>
    <ClCompile Include="PMDContentsCore.cpp">
      <Filter>Core</Filter>
    </ClCompile>
  </ItemGroup>
  <ItemGroup>
    <Filter Include="PreCompile">
      <UniqueIdentifier>{df5645df-98c0-4afc-ad35-47dbd848d248}</UniqueIdentifier>
    </Filter>
    <Filter Include="Core">
      <UniqueIdentifier>{e2b8de65-dce1-4b85-9319-9ae2ea911d3a}</UniqueIdentifier>
    </Filter>
    <Filter Include="ContentsObjects">
      <UniqueIdentifier>{e9f09cd3-9428-41ca-a8f6-53016a4e1753}</UniqueIdentifier>
    </Filter>
    <Filter Include="ContentsObjects\GameModes">
      <UniqueIdentifier>{aba2481d-c11f-4e19-9d2b-ebc1d092bdbc}</UniqueIdentifier>
    </Filter>
  </ItemGroup>
</Project>