<?xml version="1.0" encoding="utf-8"?>
<Project ToolsVersion="4.0" xmlns="http://schemas.microsoft.com/developer/msbuild/2003">
  <ItemGroup>
    <ClInclude Include="PreCompile.h">
      <Filter>_Header\PreCompile</Filter>
    </ClInclude>
    <ClInclude Include="PMDContentsCore.h">
      <Filter>ContentsCore</Filter>
    </ClInclude>
    <ClInclude Include="TitleGameMode.h">
      <Filter>LevelObjects\01.TitleLevel</Filter>
    </ClInclude>
    <ClInclude Include="TempGameMode.h">
      <Filter>LevelObjects\10.TempLevel</Filter>
    </ClInclude>
    <ClInclude Include="TempPlayer.h">
      <Filter>LevelObjects\10.TempLevel</Filter>
    </ClInclude>
    <ClInclude Include="Player.h">
      <Filter>Global\00.Pokemon</Filter>
    </ClInclude>
    <ClInclude Include="TitleAnim.h">
      <Filter>LevelObjects\01.TitleLevel</Filter>
    </ClInclude>
    <ClInclude Include="TitleBackground.h">
      <Filter>LevelObjects\01.TitleLevel</Filter>
    </ClInclude>
    <ClInclude Include="ContentsStruct.h">
      <Filter>_Header</Filter>
    </ClInclude>
    <ClInclude Include="ContentsEnum.h">
      <Filter>_Header</Filter>
    </ClInclude>
    <ClInclude Include="TurnManager.h">
      <Filter>LevelObjects\04.DungeonLevel\TurnManager</Filter>
    </ClInclude>
    <ClInclude Include="Pokemon.h">
      <Filter>Global\00.Pokemon</Filter>
    </ClInclude>
    <ClInclude Include="GameDataManager.h">
      <Filter>ContentsCore</Filter>
    </ClInclude>
    <ClInclude Include="DungeonSelectGameMode.h">
      <Filter>LevelObjects\03.DungeonSelectLevel</Filter>
    </ClInclude>
    <ClInclude Include="DungeonSelect.h">
      <Filter>LevelObjects\03.DungeonSelectLevel</Filter>
    </ClInclude>
    <ClInclude Include="TileMap.h">
      <Filter>LevelObjects\04.DungeonLevel\Dungeon</Filter>
    </ClInclude>
    <ClInclude Include="Dungeon_BSP.h">
      <Filter>LevelObjects\04.DungeonLevel\Dungeon</Filter>
    </ClInclude>
    <ClInclude Include="Enemy.h">
      <Filter>Global\00.Pokemon</Filter>
    </ClInclude>
    <ClInclude Include="ContentsMath.h">
      <Filter>_Header</Filter>
    </ClInclude>
    <ClInclude Include="DungeonUI.h">
      <Filter>LevelObjects\04.DungeonLevel\Dungeon</Filter>
    </ClInclude>
    <ClInclude Include="Partner.h">
      <Filter>Global\00.Pokemon</Filter>
    </ClInclude>
    <ClInclude Include="DungeonGameMode.h">
      <Filter>LevelObjects\04.DungeonLevel\Dungeon</Filter>
    </ClInclude>
    <ClInclude Include="CharacterSelectGameMode.h">
      <Filter>LevelObjects\02.CharactorSelectLevel</Filter>
    </ClInclude>
    <ClInclude Include="CharacterSelect.h">
      <Filter>LevelObjects\02.CharactorSelectLevel</Filter>
    </ClInclude>
    <ClInclude Include="BasicUI.h">
      <Filter>Global\UI</Filter>
    </ClInclude>
    <ClInclude Include="Box.h">
      <Filter>Global\UI</Filter>
    </ClInclude>
    <ClInclude Include="Text.h">
      <Filter>Global\UI</Filter>
    </ClInclude>
    <ClInclude Include="TitleLogo.h">
      <Filter>LevelObjects\01.TitleLevel</Filter>
    </ClInclude>
    <ClInclude Include="BoxUI.h">
      <Filter>Global\UI</Filter>
    </ClInclude>
    <ClInclude Include="SpecialSkill.h">
      <Filter>Global\00.Pokemon</Filter>
    </ClInclude>
    <ClInclude Include="Fade.h">
      <Filter>Global\UI</Filter>
    </ClInclude>
    <ClInclude Include="TitlePetal.h">
      <Filter>LevelObjects\01.TitleLevel</Filter>
    </ClInclude>
  </ItemGroup>
  <ItemGroup>
    <ClCompile Include="PreCompile.cpp">
      <Filter>_Header\PreCompile</Filter>
    </ClCompile>
    <ClCompile Include="PMDContentsCore.cpp">
      <Filter>ContentsCore</Filter>
    </ClCompile>
    <ClCompile Include="TitleGameMode.cpp">
      <Filter>LevelObjects\01.TitleLevel</Filter>
    </ClCompile>
    <ClCompile Include="TempGameMode.cpp">
      <Filter>LevelObjects\10.TempLevel</Filter>
    </ClCompile>
    <ClCompile Include="TempPlayer.cpp">
      <Filter>LevelObjects\10.TempLevel</Filter>
    </ClCompile>
    <ClCompile Include="Player.cpp">
      <Filter>Global\00.Pokemon</Filter>
    </ClCompile>
    <ClCompile Include="TitleAnim.cpp">
      <Filter>LevelObjects\01.TitleLevel</Filter>
    </ClCompile>
    <ClCompile Include="TitleBackground.cpp">
      <Filter>LevelObjects\01.TitleLevel</Filter>
    </ClCompile>
    <ClCompile Include="ContentsStruct.cpp">
      <Filter>_Header</Filter>
    </ClCompile>
    <ClCompile Include="ContentsEnum.cpp">
      <Filter>_Header</Filter>
    </ClCompile>
    <ClCompile Include="TurnManager.cpp">
      <Filter>LevelObjects\04.DungeonLevel\TurnManager</Filter>
    </ClCompile>
    <ClCompile Include="TurnManager_1.PlayerSelect.cpp">
      <Filter>LevelObjects\04.DungeonLevel\TurnManager</Filter>
    </ClCompile>
    <ClCompile Include="TurnManager_6.PlayerMove.cpp">
      <Filter>LevelObjects\04.DungeonLevel\TurnManager</Filter>
    </ClCompile>
    <ClCompile Include="TurnManager_7.PlayerSkill.cpp">
      <Filter>LevelObjects\04.DungeonLevel\TurnManager</Filter>
    </ClCompile>
    <ClCompile Include="TurnManager_2.SelectMove.cpp">
      <Filter>LevelObjects\04.DungeonLevel\TurnManager</Filter>
    </ClCompile>
    <ClCompile Include="Pokemon.cpp">
      <Filter>Global\00.Pokemon</Filter>
    </ClCompile>
    <ClCompile Include="TurnManager_8.AIMove.cpp">
      <Filter>LevelObjects\04.DungeonLevel\TurnManager</Filter>
    </ClCompile>
    <ClCompile Include="TurnManager_9.AISkill.cpp">
      <Filter>LevelObjects\04.DungeonLevel\TurnManager</Filter>
    </ClCompile>
    <ClCompile Include="TurnManager_4.Move_AISelect.cpp">
      <Filter>LevelObjects\04.DungeonLevel\TurnManager</Filter>
    </ClCompile>
    <ClCompile Include="TurnManager_5.Skill_AISelect.cpp">
      <Filter>LevelObjects\04.DungeonLevel\TurnManager</Filter>
    </ClCompile>
    <ClCompile Include="TurnManager_3.SelectSkill.cpp">
      <Filter>LevelObjects\04.DungeonLevel\TurnManager</Filter>
    </ClCompile>
    <ClCompile Include="GameDataManager.cpp">
      <Filter>ContentsCore</Filter>
    </ClCompile>
    <ClCompile Include="DungeonSelectGameMode.cpp">
      <Filter>LevelObjects\03.DungeonSelectLevel</Filter>
    </ClCompile>
    <ClCompile Include="DungeonSelect.cpp">
      <Filter>LevelObjects\03.DungeonSelectLevel</Filter>
    </ClCompile>
    <ClCompile Include="TileMap.cpp">
      <Filter>LevelObjects\04.DungeonLevel\Dungeon</Filter>
    </ClCompile>
    <ClCompile Include="Dungeon_BSP.cpp">
      <Filter>LevelObjects\04.DungeonLevel\Dungeon</Filter>
    </ClCompile>
    <ClCompile Include="Enemy.cpp">
      <Filter>Global\00.Pokemon</Filter>
    </ClCompile>
    <ClCompile Include="ContentsMath.cpp">
      <Filter>_Header</Filter>
    </ClCompile>
    <ClCompile Include="TurnManager_OpenMenu.cpp">
      <Filter>LevelObjects\04.DungeonLevel\TurnManager</Filter>
    </ClCompile>
    <ClCompile Include="DungeonUI.cpp">
      <Filter>LevelObjects\04.DungeonLevel\Dungeon</Filter>
    </ClCompile>
    <ClCompile Include="Pokemon_AnimSet.cpp">
      <Filter>Global\00.Pokemon</Filter>
    </ClCompile>
    <ClCompile Include="Partner.cpp">
      <Filter>Global\00.Pokemon</Filter>
    </ClCompile>
    <ClCompile Include="DungeonGameMode.cpp">
      <Filter>LevelObjects\04.DungeonLevel\Dungeon</Filter>
    </ClCompile>
    <ClCompile Include="CharacterSelectGameMode.cpp">
      <Filter>LevelObjects\02.CharactorSelectLevel</Filter>
    </ClCompile>
    <ClCompile Include="CharacterSelect.cpp">
      <Filter>LevelObjects\02.CharactorSelectLevel</Filter>
    </ClCompile>
    <ClCompile Include="BasicUI.cpp">
      <Filter>Global\UI</Filter>
    </ClCompile>
    <ClCompile Include="BasicUI_Menu.cpp">
      <Filter>Global\UI</Filter>
    </ClCompile>
    <ClCompile Include="Box.cpp">
      <Filter>Global\UI</Filter>
    </ClCompile>
    <ClCompile Include="Text.cpp">
      <Filter>Global\UI</Filter>
    </ClCompile>
    <ClCompile Include="BasicUI_Skill.cpp">
      <Filter>Global\UI</Filter>
    </ClCompile>
    <ClCompile Include="BasicUI_Item.cpp">
      <Filter>Global\UI</Filter>
    </ClCompile>
    <ClCompile Include="Pokmon_Skill.cpp">
      <Filter>Global\00.Pokemon</Filter>
    </ClCompile>
    <ClCompile Include="TitleLogo.cpp">
      <Filter>LevelObjects\01.TitleLevel</Filter>
    </ClCompile>
    <ClCompile Include="BoxUI.cpp">
      <Filter>Global\UI</Filter>
    </ClCompile>
    <ClCompile Include="Dungeon_Key.cpp">
      <Filter>LevelObjects\04.DungeonLevel\Dungeon</Filter>
    </ClCompile>
    <ClCompile Include="SpecialSkill.cpp">
      <Filter>Global\00.Pokemon</Filter>
    </ClCompile>
    <ClCompile Include="Fade.cpp">
      <Filter>Global\UI</Filter>
    </ClCompile>
    <ClCompile Include="TitlePetal.cpp">
      <Filter>LevelObjects\01.TitleLevel</Filter>
    </ClCompile>
  </ItemGroup>
  <ItemGroup>
    <Filter Include="LevelObjects">
      <UniqueIdentifier>{e9f09cd3-9428-41ca-a8f6-53016a4e1753}</UniqueIdentifier>
    </Filter>
    <Filter Include="_Header">
      <UniqueIdentifier>{14f4fc85-8b77-44fc-9d53-93a43e9a8698}</UniqueIdentifier>
    </Filter>
    <Filter Include="_Header\PreCompile">
      <UniqueIdentifier>{df5645df-98c0-4afc-ad35-47dbd848d248}</UniqueIdentifier>
    </Filter>
    <Filter Include="ContentsCore">
      <UniqueIdentifier>{e2b8de65-dce1-4b85-9319-9ae2ea911d3a}</UniqueIdentifier>
    </Filter>
    <Filter Include="LevelObjects\01.TitleLevel">
      <UniqueIdentifier>{a2fa0a97-a22b-4dcc-9d0f-237be539cc4e}</UniqueIdentifier>
    </Filter>
    <Filter Include="LevelObjects\10.TempLevel">
      <UniqueIdentifier>{76fc212b-f490-4417-9f85-46b2d46df347}</UniqueIdentifier>
    </Filter>
    <Filter Include="LevelObjects\03.DungeonSelectLevel">
      <UniqueIdentifier>{88338ba5-7e52-4deb-856e-463f65b44d39}</UniqueIdentifier>
    </Filter>
    <Filter Include="LevelObjects\04.DungeonLevel">
      <UniqueIdentifier>{fe0b1aed-9e65-49b1-a179-81009782176a}</UniqueIdentifier>
    </Filter>
    <Filter Include="LevelObjects\04.DungeonLevel\TurnManager">
      <UniqueIdentifier>{7020a168-f2cd-4bd0-b416-27ce48604427}</UniqueIdentifier>
    </Filter>
    <Filter Include="LevelObjects\04.DungeonLevel\Dungeon">
      <UniqueIdentifier>{d1c5e3ed-0339-4ec6-89fa-4f650865c177}</UniqueIdentifier>
    </Filter>
    <Filter Include="LevelObjects\02.CharactorSelectLevel">
      <UniqueIdentifier>{3e22cc2e-1f91-4758-ac17-d12ba2924967}</UniqueIdentifier>
    </Filter>
    <Filter Include="Global">
      <UniqueIdentifier>{bd611918-98de-4a3b-8f45-f6873e05c1b9}</UniqueIdentifier>
    </Filter>
    <Filter Include="Global\UI">
      <UniqueIdentifier>{76618f1a-7ab5-4341-9fc3-c9efc21730ce}</UniqueIdentifier>
    </Filter>
    <Filter Include="Global\00.Pokemon">
      <UniqueIdentifier>{aa1617c2-7abb-453c-bb4d-af7b7afc135f}</UniqueIdentifier>
    </Filter>
  </ItemGroup>
</Project>