<?xml version="1.0" encoding="utf-8"?>
<Project ToolsVersion="4.0" xmlns="http://schemas.microsoft.com/developer/msbuild/2003">
  <ItemGroup>
    <ClInclude Include="PreCompile.h">
      <Filter>_Header\PreCompile</Filter>
    </ClInclude>
    <ClInclude Include="PMDContentsCore.h">
      <Filter>ContentsCore</Filter>
    </ClInclude>
    <ClInclude Include="TitleGameMode.h">
      <Filter>LevelObjects\Title</Filter>
    </ClInclude>
    <ClInclude Include="TempGameMode.h">
      <Filter>LevelObjects\Temp</Filter>
    </ClInclude>
    <ClInclude Include="TempPlayer.h">
      <Filter>LevelObjects\Temp</Filter>
    </ClInclude>
    <ClInclude Include="TempActor.h">
      <Filter>LevelObjects\Temp</Filter>
    </ClInclude>
    <ClInclude Include="Player.h">
      <Filter>LevelObjects\Global</Filter>
    </ClInclude>
    <ClInclude Include="Partner.h">
      <Filter>LevelObjects\Global</Filter>
    </ClInclude>
    <ClInclude Include="TitleAnimActor.h">
      <Filter>LevelObjects\Title</Filter>
    </ClInclude>
    <ClInclude Include="TitleBackground.h">
      <Filter>LevelObjects\Title</Filter>
    </ClInclude>
    <ClInclude Include="ContentsStruct.h">
      <Filter>_Header</Filter>
    </ClInclude>
    <ClInclude Include="ContentsEnum.h">
      <Filter>_Header</Filter>
    </ClInclude>
    <ClInclude Include="ContentsDefine.h">
      <Filter>_Header</Filter>
    </ClInclude>
    <ClInclude Include="DungeonGameMode.h">
      <Filter>LevelObjects\Dungeon</Filter>
    </ClInclude>
    <ClInclude Include="Dungeon.h">
      <Filter>LevelObjects\Dungeon</Filter>
    </ClInclude>
    <ClInclude Include="DungeonGenerator.h">
      <Filter>LevelObjects\Dungeon\Algorithms</Filter>
    </ClInclude>
    <ClInclude Include="TutorialGenerator.h">
      <Filter>LevelObjects\Dungeon\Algorithms</Filter>
    </ClInclude>
  </ItemGroup>
  <ItemGroup>
    <ClCompile Include="PreCompile.cpp">
      <Filter>_Header\PreCompile</Filter>
    </ClCompile>
    <ClCompile Include="PMDContentsCore.cpp">
      <Filter>ContentsCore</Filter>
    </ClCompile>
    <ClCompile Include="TitleGameMode.cpp">
      <Filter>LevelObjects\Title</Filter>
    </ClCompile>
    <ClCompile Include="TempGameMode.cpp">
      <Filter>LevelObjects\Temp</Filter>
    </ClCompile>
    <ClCompile Include="TempPlayer.cpp">
      <Filter>LevelObjects\Temp</Filter>
    </ClCompile>
    <ClCompile Include="TempActor.cpp">
      <Filter>LevelObjects\Temp</Filter>
    </ClCompile>
    <ClCompile Include="Player.cpp">
      <Filter>LevelObjects\Global</Filter>
    </ClCompile>
    <ClCompile Include="Partner.cpp">
      <Filter>LevelObjects\Global</Filter>
    </ClCompile>
    <ClCompile Include="TitleAnimActor.cpp">
      <Filter>LevelObjects\Title</Filter>
    </ClCompile>
    <ClCompile Include="TitleBackground.cpp">
      <Filter>LevelObjects\Title</Filter>
    </ClCompile>
    <ClCompile Include="ContentsStruct.cpp">
      <Filter>_Header</Filter>
    </ClCompile>
    <ClCompile Include="ContentsEnum.cpp">
      <Filter>_Header</Filter>
    </ClCompile>
    <ClCompile Include="DungeonGameMode.cpp">
      <Filter>LevelObjects\Dungeon</Filter>
    </ClCompile>
    <ClCompile Include="Dungeon.cpp">
      <Filter>LevelObjects\Dungeon</Filter>
    </ClCompile>
    <ClCompile Include="DungeonGenerator.cpp">
      <Filter>LevelObjects\Dungeon\Algorithms</Filter>
    </ClCompile>
    <ClCompile Include="TutorialGenerator.cpp">
      <Filter>LevelObjects\Dungeon\Algorithms</Filter>
    </ClCompile>
  </ItemGroup>
  <ItemGroup>
    <Filter Include="LevelObjects">
      <UniqueIdentifier>{e9f09cd3-9428-41ca-a8f6-53016a4e1753}</UniqueIdentifier>
    </Filter>
    <Filter Include="LevelObjects\Temp">
      <UniqueIdentifier>{76fc212b-f490-4417-9f85-46b2d46df347}</UniqueIdentifier>
    </Filter>
    <Filter Include="LevelObjects\Title">
      <UniqueIdentifier>{a2fa0a97-a22b-4dcc-9d0f-237be539cc4e}</UniqueIdentifier>
    </Filter>
    <Filter Include="_Header">
      <UniqueIdentifier>{14f4fc85-8b77-44fc-9d53-93a43e9a8698}</UniqueIdentifier>
    </Filter>
    <Filter Include="_Header\PreCompile">
      <UniqueIdentifier>{df5645df-98c0-4afc-ad35-47dbd848d248}</UniqueIdentifier>
    </Filter>
    <Filter Include="ContentsCore">
      <UniqueIdentifier>{e2b8de65-dce1-4b85-9319-9ae2ea911d3a}</UniqueIdentifier>
    </Filter>
    <Filter Include="LevelObjects\Dungeon">
      <UniqueIdentifier>{fe0b1aed-9e65-49b1-a179-81009782176a}</UniqueIdentifier>
    </Filter>
    <Filter Include="LevelObjects\Dungeon\Algorithms">
      <UniqueIdentifier>{afe3211c-aeca-4fd6-a74d-fc5f3640836e}</UniqueIdentifier>
    </Filter>
    <Filter Include="LevelObjects\Global">
      <UniqueIdentifier>{aa1617c2-7abb-453c-bb4d-af7b7afc135f}</UniqueIdentifier>
    </Filter>
  </ItemGroup>
</Project>