<?xml version="1.0" encoding="utf-8"?>
<Project ToolsVersion="4.0" xmlns="http://schemas.microsoft.com/developer/msbuild/2003">
  <ItemGroup>
    <ClCompile Include="test.cpp" />
    <ClCompile Include="DungeonManager.cpp">
      <Filter>DungeonManager</Filter>
    </ClCompile>
    <ClCompile Include="Dungeon_Gen_Algo.cpp">
      <Filter>DungeonAlgo</Filter>
    </ClCompile>
    <ClCompile Include="Room.cpp" />
    <ClCompile Include="Dungeon_Gen_Algo_Small.cpp" />
  </ItemGroup>
  <ItemGroup>
    <ClInclude Include="DungeonManager.h">
      <Filter>DungeonManager</Filter>
    </ClInclude>
    <ClInclude Include="Dungeon_Gen_Algo.h">
      <Filter>DungeonAlgo</Filter>
    </ClInclude>
    <ClInclude Include="Room.h" />
    <ClInclude Include="Dungeon_Gen_Algo_Small.h" />
  </ItemGroup>
  <ItemGroup>
    <Filter Include="DungeonManager">
      <UniqueIdentifier>{3ff399d6-9bf7-48a5-9497-cfa04203caa5}</UniqueIdentifier>
    </Filter>
    <Filter Include="DungeonAlgo">
      <UniqueIdentifier>{7ba65648-5b5c-4415-ae68-9fcffe5e4c77}</UniqueIdentifier>
    </Filter>
  </ItemGroup>
</Project>